
Microsoft Visual Studio Solution File, Format Version 11.00
# Visual Studio 2010
Project("{FAE04EC0-301F-11D3-BF4B-00C04F79EFBC}") = "Persistence", "Persistence\Persistence.csproj", "{E71013B0-C971-40CC-961C-529BA6D2E1D0}"
EndProject
Project("{FAE04EC0-301F-11D3-BF4B-00C04F79EFBC}") = "Web", "web\Web.csproj", "{7E0C960E-438E-4E1A-901F-73ABC5F97479}"
EndProject
Project("{2150E333-8FDC-42A3-9474-1A3956D46DE8}") = ".nuget", ".nuget", "{488F919A-D2CA-43BE-820A-62E40CBB35A6}"
	ProjectSection(SolutionItems) = preProject
		.nuget\NuGet.exe = .nuget\NuGet.exe
		.nuget\NuGet.targets = .nuget\NuGet.targets
	EndProjectSection
EndProject
Global
	GlobalSection(SolutionConfigurationPlatforms) = preSolution
		Debug|Any CPU = Debug|Any CPU
		Release|Any CPU = Release|Any CPU
	EndGlobalSection
	GlobalSection(ProjectConfigurationPlatforms) = postSolution
		{E71013B0-C971-40CC-961C-529BA6D2E1D0}.Debug|Any CPU.ActiveCfg = Debug|Any CPU
		{E71013B0-C971-40CC-961C-529BA6D2E1D0}.Debug|Any CPU.Build.0 = Debug|Any CPU
		{E71013B0-C971-40CC-961C-529BA6D2E1D0}.Release|Any CPU.ActiveCfg = Release|Any CPU
		{E71013B0-C971-40CC-961C-529BA6D2E1D0}.Release|Any CPU.Build.0 = Release|Any CPU
		{7E0C960E-438E-4E1A-901F-73ABC5F97479}.Debug|Any CPU.ActiveCfg = Debug|Any CPU
		{7E0C960E-438E-4E1A-901F-73ABC5F97479}.Debug|Any CPU.Build.0 = Debug|Any CPU
		{7E0C960E-438E-4E1A-901F-73ABC5F97479}.Release|Any CPU.ActiveCfg = Release|Any CPU
		{7E0C960E-438E-4E1A-901F-73ABC5F97479}.Release|Any CPU.Build.0 = Release|Any CPU
	EndGlobalSection
	GlobalSection(SolutionProperties) = preSolution
		HideSolutionNode = FALSE
	EndGlobalSection
EndGlobal
