
Microsoft Visual Studio Solution File, Format Version 11.00
# Visual Studio 2010
Project("{FAE04EC0-301F-11D3-BF4B-00C04F79EFBC}") = "Persistence", "Persistence\Persistence.csproj", "{E71013B0-C971-40CC-961C-529BA6D2E1D0}"
EndProject
Global
	GlobalSection(SolutionConfigurationPlatforms) = preSolution
		Debug|Any CPU = Debug|Any CPU
		Release|Any CPU = Release|Any CPU
	EndGlobalSection
	GlobalSection(ProjectConfigurationPlatforms) = postSolution
		{E71013B0-C971-40CC-961C-529BA6D2E1D0}.Debug|Any CPU.ActiveCfg = Debug|Any CPU
		{E71013B0-C971-40CC-961C-529BA6D2E1D0}.Debug|Any CPU.Build.0 = Debug|Any CPU
		{E71013B0-C971-40CC-961C-529BA6D2E1D0}.Release|Any CPU.ActiveCfg = Release|Any CPU
		{E71013B0-C971-40CC-961C-529BA6D2E1D0}.Release|Any CPU.Build.0 = Release|Any CPU
	EndGlobalSection
	GlobalSection(SolutionProperties) = preSolution
		HideSolutionNode = FALSE
	EndGlobalSection
EndGlobal
